// !$*UTF8*$!
{
	archiveVersion = 1;
	classes = {
	};
	objectVersion = 56;
	objects = {

/* Begin PBXBuildFile section */
		88009FE42B88FBCF00AF96FB /* CurrentPlaying.swift in Sources */ = {isa = PBXBuildFile; fileRef = 88009FE32B88FBCF00AF96FB /* CurrentPlaying.swift */; };
		88009FEB2B89F9BE00AF96FB /* CurrentPlayingProgressBarView.swift in Sources */ = {isa = PBXBuildFile; fileRef = 88009FEA2B89F9BE00AF96FB /* CurrentPlayingProgressBarView.swift */; };
		886E9B492B0CB58500FA3485 /* AlbumsConfigurator.swift in Sources */ = {isa = PBXBuildFile; fileRef = 886E9B482B0CB58500FA3485 /* AlbumsConfigurator.swift */; };
		886E9B4C2B0CB5F100FA3485 /* AlbumsRouter.swift in Sources */ = {isa = PBXBuildFile; fileRef = 886E9B4B2B0CB5F100FA3485 /* AlbumsRouter.swift */; };
		886E9B502B0CB84B00FA3485 /* iPodView.swift in Sources */ = {isa = PBXBuildFile; fileRef = 886E9B4F2B0CB84B00FA3485 /* iPodView.swift */; };
		886E9B532B0CB88E00FA3485 /* iPodViewModel.swift in Sources */ = {isa = PBXBuildFile; fileRef = 886E9B522B0CB88E00FA3485 /* iPodViewModel.swift */; };
		886E9B562B0CB9F400FA3485 /* iPodAssembly.swift in Sources */ = {isa = PBXBuildFile; fileRef = 886E9B552B0CB9F400FA3485 /* iPodAssembly.swift */; };
		886E9B592B0CC4F500FA3485 /* iPodRouter.swift in Sources */ = {isa = PBXBuildFile; fileRef = 886E9B582B0CC4F500FA3485 /* iPodRouter.swift */; };
		886E9B622B0E23CD00FA3485 /* AlbumsItemView.swift in Sources */ = {isa = PBXBuildFile; fileRef = 886E9B602B0E23CD00FA3485 /* AlbumsItemView.swift */; };
		88857F092B135F4F0073B551 /* AlbumsView.swift in Sources */ = {isa = PBXBuildFile; fileRef = 88857F082B135F4F0073B551 /* AlbumsView.swift */; };
		889899332B078B940000CA42 /* AuthPlugin.swift in Sources */ = {isa = PBXBuildFile; fileRef = 889899322B078B940000CA42 /* AuthPlugin.swift */; };
		88A1E12A2AF7721B00E93557 /* iPodSkinApp.swift in Sources */ = {isa = PBXBuildFile; fileRef = 88A1E1292AF7721B00E93557 /* iPodSkinApp.swift */; };
		88A1E12E2AF7721C00E93557 /* Assets.xcassets in Resources */ = {isa = PBXBuildFile; fileRef = 88A1E12D2AF7721C00E93557 /* Assets.xcassets */; };
		88A1E1312AF7721C00E93557 /* Preview Assets.xcassets in Resources */ = {isa = PBXBuildFile; fileRef = 88A1E1302AF7721C00E93557 /* Preview Assets.xcassets */; };
		88A1E1382AF7746500E93557 /* SpotifyiOS.framework in Frameworks */ = {isa = PBXBuildFile; fileRef = 88A1E1372AF7746500E93557 /* SpotifyiOS.framework */; };
		88A1E1462AF8A93A00E93557 /* SpotifyService.swift in Sources */ = {isa = PBXBuildFile; fileRef = 88A1E1452AF8A93A00E93557 /* SpotifyService.swift */; };
		88AAF9752B5FE26600501120 /* HomeMenuView.swift in Sources */ = {isa = PBXBuildFile; fileRef = 88AAF9742B5FE26600501120 /* HomeMenuView.swift */; };
		88AAF9772B5FE2F300501120 /* HomeMenuRouter.swift in Sources */ = {isa = PBXBuildFile; fileRef = 88AAF9762B5FE2F300501120 /* HomeMenuRouter.swift */; };
		88AAF9792B60F01500501120 /* HomeMenuViewModel.swift in Sources */ = {isa = PBXBuildFile; fileRef = 88AAF9782B60F01400501120 /* HomeMenuViewModel.swift */; };
		88AAF97B2B60F10500501120 /* HomeMenuConfigurator.swift in Sources */ = {isa = PBXBuildFile; fileRef = 88AAF97A2B60F10500501120 /* HomeMenuConfigurator.swift */; };
		88BA54632B18A94100B675D4 /* ScreenContainerTopBarView.swift in Sources */ = {isa = PBXBuildFile; fileRef = 88BA54622B18A94100B675D4 /* ScreenContainerTopBarView.swift */; };
		88C171362B5C1E3100D009B3 /* AlbumDetailView.swift in Sources */ = {isa = PBXBuildFile; fileRef = 88C171352B5C1E3100D009B3 /* AlbumDetailView.swift */; };
		88C171382B5C1EB000D009B3 /* AlbumDetailViewModel.swift in Sources */ = {isa = PBXBuildFile; fileRef = 88C171372B5C1EB000D009B3 /* AlbumDetailViewModel.swift */; };
		88C1713A2B5C1F4800D009B3 /* TrackItemView.swift in Sources */ = {isa = PBXBuildFile; fileRef = 88C171392B5C1F4800D009B3 /* TrackItemView.swift */; };
		88C1713C2B5C20E100D009B3 /* AlbumDetailConfigurator.swift in Sources */ = {isa = PBXBuildFile; fileRef = 88C1713B2B5C20E100D009B3 /* AlbumDetailConfigurator.swift */; };
		88C664462B18A45B0054ED34 /* ScreenViewContainer.swift in Sources */ = {isa = PBXBuildFile; fileRef = 88C664452B18A45B0054ED34 /* ScreenViewContainer.swift */; };
		88DBE8DA2B79074B00362AEE /* CurrentPlayingView.swift in Sources */ = {isa = PBXBuildFile; fileRef = 88DBE8D92B79074B00362AEE /* CurrentPlayingView.swift */; };
		88DBE8DF2B79115A00362AEE /* CurrentPlayingViewModel.swift in Sources */ = {isa = PBXBuildFile; fileRef = 88DBE8DE2B79115A00362AEE /* CurrentPlayingViewModel.swift */; };
		88DBE8E12B79177F00362AEE /* CurrentPlayingConfigurator.swift in Sources */ = {isa = PBXBuildFile; fileRef = 88DBE8E02B79177F00362AEE /* CurrentPlayingConfigurator.swift */; };
		88F1A9E22B5E443600B7E577 /* CoverFlowView.swift in Sources */ = {isa = PBXBuildFile; fileRef = 88F1A9E12B5E443600B7E577 /* CoverFlowView.swift */; };
		88F1A9E42B5E449A00B7E577 /* CoverFlowContainerView.swift in Sources */ = {isa = PBXBuildFile; fileRef = 88F1A9E32B5E449A00B7E577 /* CoverFlowContainerView.swift */; };
		88F1A9E62B5E44B500B7E577 /* CoverFlowViewModel.swift in Sources */ = {isa = PBXBuildFile; fileRef = 88F1A9E52B5E44B500B7E577 /* CoverFlowViewModel.swift */; };
		88F1A9E82B5E486C00B7E577 /* CoverFlowConfigurator.swift in Sources */ = {isa = PBXBuildFile; fileRef = 88F1A9E72B5E486C00B7E577 /* CoverFlowConfigurator.swift */; };
		88F6159E2B03C68600D4A751 /* ControlView.swift in Sources */ = {isa = PBXBuildFile; fileRef = 88F6158B2B03C68500D4A751 /* ControlView.swift */; };
		88F6159F2B03C68600D4A751 /* ActionButtonView.swift in Sources */ = {isa = PBXBuildFile; fileRef = 88F6158C2B03C68500D4A751 /* ActionButtonView.swift */; };
		88F615AD2B04EE8C00D4A751 /* Album.swift in Sources */ = {isa = PBXBuildFile; fileRef = 88F615AC2B04EE8C00D4A751 /* Album.swift */; };
		88F615B02B04F1BF00D4A751 /* CombineMoya in Frameworks */ = {isa = PBXBuildFile; productRef = 88F615AF2B04F1BF00D4A751 /* CombineMoya */; };
		88F615B22B04F1BF00D4A751 /* Moya in Frameworks */ = {isa = PBXBuildFile; productRef = 88F615B12B04F1BF00D4A751 /* Moya */; };
		88F615B42B04F1BF00D4A751 /* ReactiveMoya in Frameworks */ = {isa = PBXBuildFile; productRef = 88F615B32B04F1BF00D4A751 /* ReactiveMoya */; };
		88F615B62B04F1BF00D4A751 /* RxMoya in Frameworks */ = {isa = PBXBuildFile; productRef = 88F615B52B04F1BF00D4A751 /* RxMoya */; };
		88F615B82B04F27B00D4A751 /* APIManager.swift in Sources */ = {isa = PBXBuildFile; fileRef = 88F615B72B04F27B00D4A751 /* APIManager.swift */; };
		88F615BB2B05101C00D4A751 /* NetworkService.swift in Sources */ = {isa = PBXBuildFile; fileRef = 88F615BA2B05101C00D4A751 /* NetworkService.swift */; };
		88FA5CEA2B08C030006ECE54 /* AlbumsViewModel.swift in Sources */ = {isa = PBXBuildFile; fileRef = 88FA5CE92B08C030006ECE54 /* AlbumsViewModel.swift */; };
/* End PBXBuildFile section */

/* Begin PBXFileReference section */
		88009FE32B88FBCF00AF96FB /* CurrentPlaying.swift */ = {isa = PBXFileReference; lastKnownFileType = sourcecode.swift; path = CurrentPlaying.swift; sourceTree = "<group>"; };
		88009FEA2B89F9BE00AF96FB /* CurrentPlayingProgressBarView.swift */ = {isa = PBXFileReference; lastKnownFileType = sourcecode.swift; path = CurrentPlayingProgressBarView.swift; sourceTree = "<group>"; };
		886E9B482B0CB58500FA3485 /* AlbumsConfigurator.swift */ = {isa = PBXFileReference; lastKnownFileType = sourcecode.swift; path = AlbumsConfigurator.swift; sourceTree = "<group>"; };
		886E9B4B2B0CB5F100FA3485 /* AlbumsRouter.swift */ = {isa = PBXFileReference; lastKnownFileType = sourcecode.swift; path = AlbumsRouter.swift; sourceTree = "<group>"; };
		886E9B4F2B0CB84B00FA3485 /* iPodView.swift */ = {isa = PBXFileReference; lastKnownFileType = sourcecode.swift; path = iPodView.swift; sourceTree = "<group>"; };
		886E9B522B0CB88E00FA3485 /* iPodViewModel.swift */ = {isa = PBXFileReference; lastKnownFileType = sourcecode.swift; path = iPodViewModel.swift; sourceTree = "<group>"; };
		886E9B552B0CB9F400FA3485 /* iPodAssembly.swift */ = {isa = PBXFileReference; lastKnownFileType = sourcecode.swift; path = iPodAssembly.swift; sourceTree = "<group>"; };
		886E9B582B0CC4F500FA3485 /* iPodRouter.swift */ = {isa = PBXFileReference; lastKnownFileType = sourcecode.swift; path = iPodRouter.swift; sourceTree = "<group>"; };
		886E9B602B0E23CD00FA3485 /* AlbumsItemView.swift */ = {isa = PBXFileReference; fileEncoding = 4; lastKnownFileType = sourcecode.swift; path = AlbumsItemView.swift; sourceTree = "<group>"; };
		88857F082B135F4F0073B551 /* AlbumsView.swift */ = {isa = PBXFileReference; lastKnownFileType = sourcecode.swift; path = AlbumsView.swift; sourceTree = "<group>"; };
		889899322B078B940000CA42 /* AuthPlugin.swift */ = {isa = PBXFileReference; lastKnownFileType = sourcecode.swift; path = AuthPlugin.swift; sourceTree = "<group>"; };
		88A1E1262AF7721B00E93557 /* iPodSkin.app */ = {isa = PBXFileReference; explicitFileType = wrapper.application; includeInIndex = 0; path = iPodSkin.app; sourceTree = BUILT_PRODUCTS_DIR; };
		88A1E1292AF7721B00E93557 /* iPodSkinApp.swift */ = {isa = PBXFileReference; lastKnownFileType = sourcecode.swift; path = iPodSkinApp.swift; sourceTree = "<group>"; };
		88A1E12D2AF7721C00E93557 /* Assets.xcassets */ = {isa = PBXFileReference; lastKnownFileType = folder.assetcatalog; path = Assets.xcassets; sourceTree = "<group>"; };
		88A1E1302AF7721C00E93557 /* Preview Assets.xcassets */ = {isa = PBXFileReference; lastKnownFileType = folder.assetcatalog; path = "Preview Assets.xcassets"; sourceTree = "<group>"; };
		88A1E1372AF7746500E93557 /* SpotifyiOS.framework */ = {isa = PBXFileReference; lastKnownFileType = wrapper.framework; path = SpotifyiOS.framework; sourceTree = "<group>"; };
		88A1E1392AF7755E00E93557 /* Info.plist */ = {isa = PBXFileReference; lastKnownFileType = text.plist; path = Info.plist; sourceTree = "<group>"; };
		88A1E13A2AF7789A00E93557 /* iPodSkin-Bridging-Header.h */ = {isa = PBXFileReference; lastKnownFileType = sourcecode.c.h; path = "iPodSkin-Bridging-Header.h"; sourceTree = "<group>"; };
		88A1E1452AF8A93A00E93557 /* SpotifyService.swift */ = {isa = PBXFileReference; lastKnownFileType = sourcecode.swift; path = SpotifyService.swift; sourceTree = "<group>"; };
		88AAF9742B5FE26600501120 /* HomeMenuView.swift */ = {isa = PBXFileReference; lastKnownFileType = sourcecode.swift; path = HomeMenuView.swift; sourceTree = "<group>"; };
		88AAF9762B5FE2F300501120 /* HomeMenuRouter.swift */ = {isa = PBXFileReference; lastKnownFileType = sourcecode.swift; path = HomeMenuRouter.swift; sourceTree = "<group>"; };
		88AAF9782B60F01400501120 /* HomeMenuViewModel.swift */ = {isa = PBXFileReference; lastKnownFileType = sourcecode.swift; path = HomeMenuViewModel.swift; sourceTree = "<group>"; };
		88AAF97A2B60F10500501120 /* HomeMenuConfigurator.swift */ = {isa = PBXFileReference; lastKnownFileType = sourcecode.swift; path = HomeMenuConfigurator.swift; sourceTree = "<group>"; };
		88BA54622B18A94100B675D4 /* ScreenContainerTopBarView.swift */ = {isa = PBXFileReference; lastKnownFileType = sourcecode.swift; path = ScreenContainerTopBarView.swift; sourceTree = "<group>"; };
		88C171352B5C1E3100D009B3 /* AlbumDetailView.swift */ = {isa = PBXFileReference; lastKnownFileType = sourcecode.swift; path = AlbumDetailView.swift; sourceTree = "<group>"; };
		88C171372B5C1EB000D009B3 /* AlbumDetailViewModel.swift */ = {isa = PBXFileReference; lastKnownFileType = sourcecode.swift; path = AlbumDetailViewModel.swift; sourceTree = "<group>"; };
		88C171392B5C1F4800D009B3 /* TrackItemView.swift */ = {isa = PBXFileReference; lastKnownFileType = sourcecode.swift; path = TrackItemView.swift; sourceTree = "<group>"; };
		88C1713B2B5C20E100D009B3 /* AlbumDetailConfigurator.swift */ = {isa = PBXFileReference; lastKnownFileType = sourcecode.swift; path = AlbumDetailConfigurator.swift; sourceTree = "<group>"; };
		88C664452B18A45B0054ED34 /* ScreenViewContainer.swift */ = {isa = PBXFileReference; lastKnownFileType = sourcecode.swift; path = ScreenViewContainer.swift; sourceTree = "<group>"; };
		88DBE8D92B79074B00362AEE /* CurrentPlayingView.swift */ = {isa = PBXFileReference; lastKnownFileType = sourcecode.swift; path = CurrentPlayingView.swift; sourceTree = "<group>"; };
		88DBE8DE2B79115A00362AEE /* CurrentPlayingViewModel.swift */ = {isa = PBXFileReference; lastKnownFileType = sourcecode.swift; path = CurrentPlayingViewModel.swift; sourceTree = "<group>"; };
		88DBE8E02B79177F00362AEE /* CurrentPlayingConfigurator.swift */ = {isa = PBXFileReference; lastKnownFileType = sourcecode.swift; path = CurrentPlayingConfigurator.swift; sourceTree = "<group>"; };
		88F1A9E12B5E443600B7E577 /* CoverFlowView.swift */ = {isa = PBXFileReference; lastKnownFileType = sourcecode.swift; path = CoverFlowView.swift; sourceTree = "<group>"; };
		88F1A9E32B5E449A00B7E577 /* CoverFlowContainerView.swift */ = {isa = PBXFileReference; lastKnownFileType = sourcecode.swift; path = CoverFlowContainerView.swift; sourceTree = "<group>"; };
		88F1A9E52B5E44B500B7E577 /* CoverFlowViewModel.swift */ = {isa = PBXFileReference; lastKnownFileType = sourcecode.swift; path = CoverFlowViewModel.swift; sourceTree = "<group>"; };
		88F1A9E72B5E486C00B7E577 /* CoverFlowConfigurator.swift */ = {isa = PBXFileReference; lastKnownFileType = sourcecode.swift; path = CoverFlowConfigurator.swift; sourceTree = "<group>"; };
		88F6158B2B03C68500D4A751 /* ControlView.swift */ = {isa = PBXFileReference; fileEncoding = 4; lastKnownFileType = sourcecode.swift; path = ControlView.swift; sourceTree = "<group>"; };
		88F6158C2B03C68500D4A751 /* ActionButtonView.swift */ = {isa = PBXFileReference; fileEncoding = 4; lastKnownFileType = sourcecode.swift; path = ActionButtonView.swift; sourceTree = "<group>"; };
		88F615AC2B04EE8C00D4A751 /* Album.swift */ = {isa = PBXFileReference; lastKnownFileType = sourcecode.swift; path = Album.swift; sourceTree = "<group>"; };
		88F615B72B04F27B00D4A751 /* APIManager.swift */ = {isa = PBXFileReference; lastKnownFileType = sourcecode.swift; path = APIManager.swift; sourceTree = "<group>"; };
		88F615BA2B05101C00D4A751 /* NetworkService.swift */ = {isa = PBXFileReference; lastKnownFileType = sourcecode.swift; path = NetworkService.swift; sourceTree = "<group>"; };
		88FA5CE92B08C030006ECE54 /* AlbumsViewModel.swift */ = {isa = PBXFileReference; lastKnownFileType = sourcecode.swift; path = AlbumsViewModel.swift; sourceTree = "<group>"; };
/* End PBXFileReference section */

/* Begin PBXFrameworksBuildPhase section */
		88A1E1232AF7721B00E93557 /* Frameworks */ = {
			isa = PBXFrameworksBuildPhase;
			buildActionMask = 2147483647;
			files = (
				88F615B62B04F1BF00D4A751 /* RxMoya in Frameworks */,
				88F615B02B04F1BF00D4A751 /* CombineMoya in Frameworks */,
				88F615B42B04F1BF00D4A751 /* ReactiveMoya in Frameworks */,
				88A1E1382AF7746500E93557 /* SpotifyiOS.framework in Frameworks */,
				88F615B22B04F1BF00D4A751 /* Moya in Frameworks */,
			);
			runOnlyForDeploymentPostprocessing = 0;
		};
/* End PBXFrameworksBuildPhase section */

/* Begin PBXGroup section */
		88009FE92B89F9B000AF96FB /* View */ = {
			isa = PBXGroup;
			children = (
				88DBE8D92B79074B00362AEE /* CurrentPlayingView.swift */,
				88009FEA2B89F9BE00AF96FB /* CurrentPlayingProgressBarView.swift */,
			);
			path = View;
			sourceTree = "<group>";
		};
		8820955B2AFE1E0000CD3A46 /* Modules */ = {
			isa = PBXGroup;
			children = (
				88DBE8D82B79073B00362AEE /* CurrentPlaying */,
				88AAF9712B5FE22000501120 /* HomeMenu */,
				88F1A9E02B5E442500B7E577 /* CoverFlow */,
				88C171342B5C1E2600D009B3 /* AlbumDetail */,
				88C664442B18A4480054ED34 /* ScreenViewContainer */,
				886E9B4D2B0CB65B00FA3485 /* iPod */,
				88FA5CE72B08BD44006ECE54 /* Albums */,
			);
			path = Modules;
			sourceTree = "<group>";
		};
		8839D08C2B08DFD400684BD5 /* View */ = {
			isa = PBXGroup;
			children = (
				886E9B602B0E23CD00FA3485 /* AlbumsItemView.swift */,
				88857F082B135F4F0073B551 /* AlbumsView.swift */,
			);
			path = View;
			sourceTree = "<group>";
		};
		886E9B472B0CB57500FA3485 /* Configurator */ = {
			isa = PBXGroup;
			children = (
				886E9B482B0CB58500FA3485 /* AlbumsConfigurator.swift */,
			);
			path = Configurator;
			sourceTree = "<group>";
		};
		886E9B4A2B0CB5E500FA3485 /* Router */ = {
			isa = PBXGroup;
			children = (
				886E9B4B2B0CB5F100FA3485 /* AlbumsRouter.swift */,
			);
			path = Router;
			sourceTree = "<group>";
		};
		886E9B4D2B0CB65B00FA3485 /* iPod */ = {
			isa = PBXGroup;
			children = (
				886E9B572B0CC44500FA3485 /* Router */,
				886E9B542B0CB9EB00FA3485 /* Configurator */,
				886E9B512B0CB88500FA3485 /* ViewModel */,
				886E9B4E2B0CB6ED00FA3485 /* View */,
			);
			path = iPod;
			sourceTree = "<group>";
		};
		886E9B4E2B0CB6ED00FA3485 /* View */ = {
			isa = PBXGroup;
			children = (
				886E9B4F2B0CB84B00FA3485 /* iPodView.swift */,
			);
			path = View;
			sourceTree = "<group>";
		};
		886E9B512B0CB88500FA3485 /* ViewModel */ = {
			isa = PBXGroup;
			children = (
				886E9B522B0CB88E00FA3485 /* iPodViewModel.swift */,
			);
			path = ViewModel;
			sourceTree = "<group>";
		};
		886E9B542B0CB9EB00FA3485 /* Configurator */ = {
			isa = PBXGroup;
			children = (
				886E9B552B0CB9F400FA3485 /* iPodAssembly.swift */,
			);
			path = Configurator;
			sourceTree = "<group>";
		};
		886E9B572B0CC44500FA3485 /* Router */ = {
			isa = PBXGroup;
			children = (
				886E9B582B0CC4F500FA3485 /* iPodRouter.swift */,
			);
			path = Router;
			sourceTree = "<group>";
		};
		88A1E11D2AF7721B00E93557 = {
			isa = PBXGroup;
			children = (
				88A1E13A2AF7789A00E93557 /* iPodSkin-Bridging-Header.h */,
				88A1E1282AF7721B00E93557 /* iPodSkin */,
				88A1E1272AF7721B00E93557 /* Products */,
			);
			sourceTree = "<group>";
		};
		88A1E1272AF7721B00E93557 /* Products */ = {
			isa = PBXGroup;
			children = (
				88A1E1262AF7721B00E93557 /* iPodSkin.app */,
			);
			name = Products;
			sourceTree = "<group>";
		};
		88A1E1282AF7721B00E93557 /* iPodSkin */ = {
			isa = PBXGroup;
			children = (
				88F615AB2B04ED5B00D4A751 /* Model */,
				88F6156F2B03C5F200D4A751 /* Views */,
				88A1E1372AF7746500E93557 /* SpotifyiOS.framework */,
				88A1E1442AF8A93200E93557 /* Services */,
				88A1E1392AF7755E00E93557 /* Info.plist */,
				88A1E1292AF7721B00E93557 /* iPodSkinApp.swift */,
				8820955B2AFE1E0000CD3A46 /* Modules */,
				88A1E12D2AF7721C00E93557 /* Assets.xcassets */,
				88A1E12F2AF7721C00E93557 /* Preview Content */,
			);
			path = iPodSkin;
			sourceTree = "<group>";
		};
		88A1E12F2AF7721C00E93557 /* Preview Content */ = {
			isa = PBXGroup;
			children = (
				88A1E1302AF7721C00E93557 /* Preview Assets.xcassets */,
			);
			path = "Preview Content";
			sourceTree = "<group>";
		};
		88A1E1442AF8A93200E93557 /* Services */ = {
			isa = PBXGroup;
			children = (
				88A1E1452AF8A93A00E93557 /* SpotifyService.swift */,
				88F615B92B05101300D4A751 /* NetworkService */,
			);
			path = Services;
			sourceTree = "<group>";
		};
		88AAF9712B5FE22000501120 /* HomeMenu */ = {
			isa = PBXGroup;
			children = (
				88AAF9742B5FE26600501120 /* HomeMenuView.swift */,
				88AAF9762B5FE2F300501120 /* HomeMenuRouter.swift */,
				88AAF9782B60F01400501120 /* HomeMenuViewModel.swift */,
				88AAF97A2B60F10500501120 /* HomeMenuConfigurator.swift */,
			);
			path = HomeMenu;
			sourceTree = "<group>";
		};
		88C171342B5C1E2600D009B3 /* AlbumDetail */ = {
			isa = PBXGroup;
			children = (
				88C171352B5C1E3100D009B3 /* AlbumDetailView.swift */,
				88C171372B5C1EB000D009B3 /* AlbumDetailViewModel.swift */,
				88C171392B5C1F4800D009B3 /* TrackItemView.swift */,
				88C1713B2B5C20E100D009B3 /* AlbumDetailConfigurator.swift */,
			);
			path = AlbumDetail;
			sourceTree = "<group>";
		};
		88C664442B18A4480054ED34 /* ScreenViewContainer */ = {
			isa = PBXGroup;
			children = (
				88C664452B18A45B0054ED34 /* ScreenViewContainer.swift */,
				88BA54622B18A94100B675D4 /* ScreenContainerTopBarView.swift */,
			);
			path = ScreenViewContainer;
			sourceTree = "<group>";
		};
		88DBE8D82B79073B00362AEE /* CurrentPlaying */ = {
			isa = PBXGroup;
			children = (
				88009FE92B89F9B000AF96FB /* View */,
				88DBE8DE2B79115A00362AEE /* CurrentPlayingViewModel.swift */,
				88DBE8E02B79177F00362AEE /* CurrentPlayingConfigurator.swift */,
			);
			path = CurrentPlaying;
			sourceTree = "<group>";
		};
		88F1A9E02B5E442500B7E577 /* CoverFlow */ = {
			isa = PBXGroup;
			children = (
				88F1A9E12B5E443600B7E577 /* CoverFlowView.swift */,
				88F1A9E32B5E449A00B7E577 /* CoverFlowContainerView.swift */,
				88F1A9E52B5E44B500B7E577 /* CoverFlowViewModel.swift */,
				88F1A9E72B5E486C00B7E577 /* CoverFlowConfigurator.swift */,
			);
			path = CoverFlow;
			sourceTree = "<group>";
		};
		88F6156F2B03C5F200D4A751 /* Views */ = {
			isa = PBXGroup;
			children = (
				88F615AA2B03C6B600D4A751 /* ControlView */,
			);
			path = Views;
			sourceTree = "<group>";
		};
		88F615AA2B03C6B600D4A751 /* ControlView */ = {
			isa = PBXGroup;
			children = (
				88F6158C2B03C68500D4A751 /* ActionButtonView.swift */,
				88F6158B2B03C68500D4A751 /* ControlView.swift */,
			);
			path = ControlView;
			sourceTree = "<group>";
		};
		88F615AB2B04ED5B00D4A751 /* Model */ = {
			isa = PBXGroup;
			children = (
				88F615AC2B04EE8C00D4A751 /* Album.swift */,
				88009FE32B88FBCF00AF96FB /* CurrentPlaying.swift */,
			);
			path = Model;
			sourceTree = "<group>";
		};
		88F615B92B05101300D4A751 /* NetworkService */ = {
			isa = PBXGroup;
			children = (
				88F615B72B04F27B00D4A751 /* APIManager.swift */,
				88F615BA2B05101C00D4A751 /* NetworkService.swift */,
				889899322B078B940000CA42 /* AuthPlugin.swift */,
			);
			path = NetworkService;
			sourceTree = "<group>";
		};
		88FA5CE72B08BD44006ECE54 /* Albums */ = {
			isa = PBXGroup;
			children = (
				886E9B4A2B0CB5E500FA3485 /* Router */,
				886E9B472B0CB57500FA3485 /* Configurator */,
				8839D08C2B08DFD400684BD5 /* View */,
				88FA5CE82B08BDAF006ECE54 /* ViewModel */,
			);
			path = Albums;
			sourceTree = "<group>";
		};
		88FA5CE82B08BDAF006ECE54 /* ViewModel */ = {
			isa = PBXGroup;
			children = (
				88FA5CE92B08C030006ECE54 /* AlbumsViewModel.swift */,
			);
			path = ViewModel;
			sourceTree = "<group>";
		};
/* End PBXGroup section */

/* Begin PBXNativeTarget section */
		88A1E1252AF7721B00E93557 /* iPodSkin */ = {
			isa = PBXNativeTarget;
			buildConfigurationList = 88A1E1342AF7721C00E93557 /* Build configuration list for PBXNativeTarget "iPodSkin" */;
			buildPhases = (
				88A1E1222AF7721B00E93557 /* Sources */,
				88A1E1232AF7721B00E93557 /* Frameworks */,
				88A1E1242AF7721B00E93557 /* Resources */,
			);
			buildRules = (
			);
			dependencies = (
			);
			name = iPodSkin;
			packageProductDependencies = (
				88F615AF2B04F1BF00D4A751 /* CombineMoya */,
				88F615B12B04F1BF00D4A751 /* Moya */,
				88F615B32B04F1BF00D4A751 /* ReactiveMoya */,
				88F615B52B04F1BF00D4A751 /* RxMoya */,
			);
			productName = iPodSkin;
			productReference = 88A1E1262AF7721B00E93557 /* iPodSkin.app */;
			productType = "com.apple.product-type.application";
		};
/* End PBXNativeTarget section */

/* Begin PBXProject section */
		88A1E11E2AF7721B00E93557 /* Project object */ = {
			isa = PBXProject;
			attributes = {
				BuildIndependentTargetsInParallel = 1;
				LastSwiftUpdateCheck = 1500;
				LastUpgradeCheck = 1500;
				TargetAttributes = {
					88A1E1252AF7721B00E93557 = {
						CreatedOnToolsVersion = 15.0.1;
					};
				};
			};
			buildConfigurationList = 88A1E1212AF7721B00E93557 /* Build configuration list for PBXProject "iPodSkin" */;
			compatibilityVersion = "Xcode 14.0";
			developmentRegion = en;
			hasScannedForEncodings = 0;
			knownRegions = (
				en,
				Base,
			);
			mainGroup = 88A1E11D2AF7721B00E93557;
			packageReferences = (
				88F615AE2B04F1BF00D4A751 /* XCRemoteSwiftPackageReference "Moya" */,
			);
			productRefGroup = 88A1E1272AF7721B00E93557 /* Products */;
			projectDirPath = "";
			projectRoot = "";
			targets = (
				88A1E1252AF7721B00E93557 /* iPodSkin */,
			);
		};
/* End PBXProject section */

/* Begin PBXResourcesBuildPhase section */
		88A1E1242AF7721B00E93557 /* Resources */ = {
			isa = PBXResourcesBuildPhase;
			buildActionMask = 2147483647;
			files = (
				88A1E1312AF7721C00E93557 /* Preview Assets.xcassets in Resources */,
				88A1E12E2AF7721C00E93557 /* Assets.xcassets in Resources */,
			);
			runOnlyForDeploymentPostprocessing = 0;
		};
/* End PBXResourcesBuildPhase section */

/* Begin PBXSourcesBuildPhase section */
		88A1E1222AF7721B00E93557 /* Sources */ = {
			isa = PBXSourcesBuildPhase;
			buildActionMask = 2147483647;
			files = (
				88AAF9772B5FE2F300501120 /* HomeMenuRouter.swift in Sources */,
				88F1A9E22B5E443600B7E577 /* CoverFlowView.swift in Sources */,
				886E9B502B0CB84B00FA3485 /* iPodView.swift in Sources */,
				88AAF9752B5FE26600501120 /* HomeMenuView.swift in Sources */,
				88F615BB2B05101C00D4A751 /* NetworkService.swift in Sources */,
				88DBE8DA2B79074B00362AEE /* CurrentPlayingView.swift in Sources */,
				88857F092B135F4F0073B551 /* AlbumsView.swift in Sources */,
				88F615B82B04F27B00D4A751 /* APIManager.swift in Sources */,
				886E9B4C2B0CB5F100FA3485 /* AlbumsRouter.swift in Sources */,
				88A1E1462AF8A93A00E93557 /* SpotifyService.swift in Sources */,
				88009FE42B88FBCF00AF96FB /* CurrentPlaying.swift in Sources */,
				88AAF97B2B60F10500501120 /* HomeMenuConfigurator.swift in Sources */,
				886E9B532B0CB88E00FA3485 /* iPodViewModel.swift in Sources */,
				88DBE8E12B79177F00362AEE /* CurrentPlayingConfigurator.swift in Sources */,
				88F1A9E62B5E44B500B7E577 /* CoverFlowViewModel.swift in Sources */,
				886E9B592B0CC4F500FA3485 /* iPodRouter.swift in Sources */,
				88FA5CEA2B08C030006ECE54 /* AlbumsViewModel.swift in Sources */,
				88C171382B5C1EB000D009B3 /* AlbumDetailViewModel.swift in Sources */,
				88F1A9E82B5E486C00B7E577 /* CoverFlowConfigurator.swift in Sources */,
				88C664462B18A45B0054ED34 /* ScreenViewContainer.swift in Sources */,
				88F615AD2B04EE8C00D4A751 /* Album.swift in Sources */,
				88C1713A2B5C1F4800D009B3 /* TrackItemView.swift in Sources */,
				88AAF9792B60F01500501120 /* HomeMenuViewModel.swift in Sources */,
				886E9B622B0E23CD00FA3485 /* AlbumsItemView.swift in Sources */,
				88DBE8DF2B79115A00362AEE /* CurrentPlayingViewModel.swift in Sources */,
				886E9B492B0CB58500FA3485 /* AlbumsConfigurator.swift in Sources */,
				889899332B078B940000CA42 /* AuthPlugin.swift in Sources */,
				88F6159E2B03C68600D4A751 /* ControlView.swift in Sources */,
				88BA54632B18A94100B675D4 /* ScreenContainerTopBarView.swift in Sources */,
				88F1A9E42B5E449A00B7E577 /* CoverFlowContainerView.swift in Sources */,
				88009FEB2B89F9BE00AF96FB /* CurrentPlayingProgressBarView.swift in Sources */,
				886E9B562B0CB9F400FA3485 /* iPodAssembly.swift in Sources */,
				88F6159F2B03C68600D4A751 /* ActionButtonView.swift in Sources */,
				88C171362B5C1E3100D009B3 /* AlbumDetailView.swift in Sources */,
				88A1E12A2AF7721B00E93557 /* iPodSkinApp.swift in Sources */,
				88C1713C2B5C20E100D009B3 /* AlbumDetailConfigurator.swift in Sources */,
			);
			runOnlyForDeploymentPostprocessing = 0;
		};
/* End PBXSourcesBuildPhase section */

/* Begin XCBuildConfiguration section */
		88A1E1322AF7721C00E93557 /* Debug */ = {
			isa = XCBuildConfiguration;
			buildSettings = {
				ALWAYS_SEARCH_USER_PATHS = NO;
				ASSETCATALOG_COMPILER_GENERATE_SWIFT_ASSET_SYMBOL_EXTENSIONS = YES;
				CLANG_ANALYZER_NONNULL = YES;
				CLANG_ANALYZER_NUMBER_OBJECT_CONVERSION = YES_AGGRESSIVE;
				CLANG_CXX_LANGUAGE_STANDARD = "gnu++20";
				CLANG_ENABLE_MODULES = YES;
				CLANG_ENABLE_OBJC_ARC = YES;
				CLANG_ENABLE_OBJC_WEAK = YES;
				CLANG_WARN_BLOCK_CAPTURE_AUTORELEASING = YES;
				CLANG_WARN_BOOL_CONVERSION = YES;
				CLANG_WARN_COMMA = YES;
				CLANG_WARN_CONSTANT_CONVERSION = YES;
				CLANG_WARN_DEPRECATED_OBJC_IMPLEMENTATIONS = YES;
				CLANG_WARN_DIRECT_OBJC_ISA_USAGE = YES_ERROR;
				CLANG_WARN_DOCUMENTATION_COMMENTS = YES;
				CLANG_WARN_EMPTY_BODY = YES;
				CLANG_WARN_ENUM_CONVERSION = YES;
				CLANG_WARN_INFINITE_RECURSION = YES;
				CLANG_WARN_INT_CONVERSION = YES;
				CLANG_WARN_NON_LITERAL_NULL_CONVERSION = YES;
				CLANG_WARN_OBJC_IMPLICIT_RETAIN_SELF = YES;
				CLANG_WARN_OBJC_LITERAL_CONVERSION = YES;
				CLANG_WARN_OBJC_ROOT_CLASS = YES_ERROR;
				CLANG_WARN_QUOTED_INCLUDE_IN_FRAMEWORK_HEADER = YES;
				CLANG_WARN_RANGE_LOOP_ANALYSIS = YES;
				CLANG_WARN_STRICT_PROTOTYPES = YES;
				CLANG_WARN_SUSPICIOUS_MOVE = YES;
				CLANG_WARN_UNGUARDED_AVAILABILITY = YES_AGGRESSIVE;
				CLANG_WARN_UNREACHABLE_CODE = YES;
				CLANG_WARN__DUPLICATE_METHOD_MATCH = YES;
				COPY_PHASE_STRIP = NO;
				DEBUG_INFORMATION_FORMAT = dwarf;
				ENABLE_STRICT_OBJC_MSGSEND = YES;
				ENABLE_TESTABILITY = YES;
				ENABLE_USER_SCRIPT_SANDBOXING = YES;
				GCC_C_LANGUAGE_STANDARD = gnu17;
				GCC_DYNAMIC_NO_PIC = NO;
				GCC_NO_COMMON_BLOCKS = YES;
				GCC_OPTIMIZATION_LEVEL = 0;
				GCC_PREPROCESSOR_DEFINITIONS = (
					"DEBUG=1",
					"$(inherited)",
				);
				GCC_WARN_64_TO_32_BIT_CONVERSION = YES;
				GCC_WARN_ABOUT_RETURN_TYPE = YES_ERROR;
				GCC_WARN_UNDECLARED_SELECTOR = YES;
				GCC_WARN_UNINITIALIZED_AUTOS = YES_AGGRESSIVE;
				GCC_WARN_UNUSED_FUNCTION = YES;
				GCC_WARN_UNUSED_VARIABLE = YES;
				IPHONEOS_DEPLOYMENT_TARGET = 17.0;
				LOCALIZATION_PREFERS_STRING_CATALOGS = YES;
				MTL_ENABLE_DEBUG_INFO = INCLUDE_SOURCE;
				MTL_FAST_MATH = YES;
				ONLY_ACTIVE_ARCH = YES;
				SDKROOT = iphoneos;
				SWIFT_ACTIVE_COMPILATION_CONDITIONS = "DEBUG $(inherited)";
				SWIFT_OPTIMIZATION_LEVEL = "-Onone";
			};
			name = Debug;
		};
		88A1E1332AF7721C00E93557 /* Release */ = {
			isa = XCBuildConfiguration;
			buildSettings = {
				ALWAYS_SEARCH_USER_PATHS = NO;
				ASSETCATALOG_COMPILER_GENERATE_SWIFT_ASSET_SYMBOL_EXTENSIONS = YES;
				CLANG_ANALYZER_NONNULL = YES;
				CLANG_ANALYZER_NUMBER_OBJECT_CONVERSION = YES_AGGRESSIVE;
				CLANG_CXX_LANGUAGE_STANDARD = "gnu++20";
				CLANG_ENABLE_MODULES = YES;
				CLANG_ENABLE_OBJC_ARC = YES;
				CLANG_ENABLE_OBJC_WEAK = YES;
				CLANG_WARN_BLOCK_CAPTURE_AUTORELEASING = YES;
				CLANG_WARN_BOOL_CONVERSION = YES;
				CLANG_WARN_COMMA = YES;
				CLANG_WARN_CONSTANT_CONVERSION = YES;
				CLANG_WARN_DEPRECATED_OBJC_IMPLEMENTATIONS = YES;
				CLANG_WARN_DIRECT_OBJC_ISA_USAGE = YES_ERROR;
				CLANG_WARN_DOCUMENTATION_COMMENTS = YES;
				CLANG_WARN_EMPTY_BODY = YES;
				CLANG_WARN_ENUM_CONVERSION = YES;
				CLANG_WARN_INFINITE_RECURSION = YES;
				CLANG_WARN_INT_CONVERSION = YES;
				CLANG_WARN_NON_LITERAL_NULL_CONVERSION = YES;
				CLANG_WARN_OBJC_IMPLICIT_RETAIN_SELF = YES;
				CLANG_WARN_OBJC_LITERAL_CONVERSION = YES;
				CLANG_WARN_OBJC_ROOT_CLASS = YES_ERROR;
				CLANG_WARN_QUOTED_INCLUDE_IN_FRAMEWORK_HEADER = YES;
				CLANG_WARN_RANGE_LOOP_ANALYSIS = YES;
				CLANG_WARN_STRICT_PROTOTYPES = YES;
				CLANG_WARN_SUSPICIOUS_MOVE = YES;
				CLANG_WARN_UNGUARDED_AVAILABILITY = YES_AGGRESSIVE;
				CLANG_WARN_UNREACHABLE_CODE = YES;
				CLANG_WARN__DUPLICATE_METHOD_MATCH = YES;
				COPY_PHASE_STRIP = NO;
				DEBUG_INFORMATION_FORMAT = "dwarf-with-dsym";
				ENABLE_NS_ASSERTIONS = NO;
				ENABLE_STRICT_OBJC_MSGSEND = YES;
				ENABLE_USER_SCRIPT_SANDBOXING = YES;
				GCC_C_LANGUAGE_STANDARD = gnu17;
				GCC_NO_COMMON_BLOCKS = YES;
				GCC_WARN_64_TO_32_BIT_CONVERSION = YES;
				GCC_WARN_ABOUT_RETURN_TYPE = YES_ERROR;
				GCC_WARN_UNDECLARED_SELECTOR = YES;
				GCC_WARN_UNINITIALIZED_AUTOS = YES_AGGRESSIVE;
				GCC_WARN_UNUSED_FUNCTION = YES;
				GCC_WARN_UNUSED_VARIABLE = YES;
				IPHONEOS_DEPLOYMENT_TARGET = 17.0;
				LOCALIZATION_PREFERS_STRING_CATALOGS = YES;
				MTL_ENABLE_DEBUG_INFO = NO;
				MTL_FAST_MATH = YES;
				SDKROOT = iphoneos;
				SWIFT_COMPILATION_MODE = wholemodule;
				VALIDATE_PRODUCT = YES;
			};
			name = Release;
		};
		88A1E1352AF7721C00E93557 /* Debug */ = {
			isa = XCBuildConfiguration;
			buildSettings = {
				ASSETCATALOG_COMPILER_APPICON_NAME = AppIcon;
				ASSETCATALOG_COMPILER_GLOBAL_ACCENT_COLOR_NAME = AccentColor;
				CODE_SIGN_STYLE = Automatic;
				CURRENT_PROJECT_VERSION = 1;
				DEVELOPMENT_ASSET_PATHS = "\"iPodSkin/Preview Content\"";
				DEVELOPMENT_TEAM = 44ZWCLCJ2W;
				ENABLE_PREVIEWS = YES;
				"EXCLUDED_ARCHS[sdk=iphonesimulator*]" = arm64;
				FRAMEWORK_SEARCH_PATHS = (
					"$(inherited)",
					"$(PROJECT_DIR)/iPodSkin",
				);
				GENERATE_INFOPLIST_FILE = YES;
				INFOPLIST_FILE = iPodSkin/Info.plist;
				INFOPLIST_KEY_UIApplicationSupportsIndirectInputEvents = YES;
				INFOPLIST_KEY_UILaunchScreen_Generation = YES;
				INFOPLIST_KEY_UISupportedInterfaceOrientations_iPad = "UIInterfaceOrientationPortrait UIInterfaceOrientationPortraitUpsideDown UIInterfaceOrientationLandscapeLeft UIInterfaceOrientationLandscapeRight";
				INFOPLIST_KEY_UISupportedInterfaceOrientations_iPhone = "UIInterfaceOrientationPortrait UIInterfaceOrientationLandscapeLeft UIInterfaceOrientationLandscapeRight";
				LD_RUNPATH_SEARCH_PATHS = (
					"$(inherited)",
					"@executable_path/Frameworks",
				);
				MARKETING_VERSION = 1.0;
				"OTHER_LDFLAGS[arch=*]" = "-ObjC";
				PRODUCT_BUNDLE_IDENTIFIER = com.gmail.mrvalter566.iPodSkin;
				PRODUCT_NAME = "$(TARGET_NAME)";
				SWIFT_EMIT_LOC_STRINGS = YES;
				"SWIFT_OBJC_BRIDGING_HEADER[arch=*]" = "iPodSkin-Bridging-Header.h";
				SWIFT_VERSION = 5.0;
				TARGETED_DEVICE_FAMILY = "1,2";
			};
			name = Debug;
		};
		88A1E1362AF7721C00E93557 /* Release */ = {
			isa = XCBuildConfiguration;
			buildSettings = {
				ASSETCATALOG_COMPILER_APPICON_NAME = AppIcon;
				ASSETCATALOG_COMPILER_GLOBAL_ACCENT_COLOR_NAME = AccentColor;
				CODE_SIGN_STYLE = Automatic;
				CURRENT_PROJECT_VERSION = 1;
				DEVELOPMENT_ASSET_PATHS = "\"iPodSkin/Preview Content\"";
				DEVELOPMENT_TEAM = 44ZWCLCJ2W;
				ENABLE_PREVIEWS = YES;
				FRAMEWORK_SEARCH_PATHS = (
					"$(inherited)",
					"$(PROJECT_DIR)/iPodSkin",
				);
				GENERATE_INFOPLIST_FILE = YES;
				INFOPLIST_FILE = iPodSkin/Info.plist;
				INFOPLIST_KEY_UIApplicationSupportsIndirectInputEvents = YES;
				INFOPLIST_KEY_UILaunchScreen_Generation = YES;
				INFOPLIST_KEY_UISupportedInterfaceOrientations_iPad = "UIInterfaceOrientationPortrait UIInterfaceOrientationPortraitUpsideDown UIInterfaceOrientationLandscapeLeft UIInterfaceOrientationLandscapeRight";
				INFOPLIST_KEY_UISupportedInterfaceOrientations_iPhone = "UIInterfaceOrientationPortrait UIInterfaceOrientationLandscapeLeft UIInterfaceOrientationLandscapeRight";
				LD_RUNPATH_SEARCH_PATHS = (
					"$(inherited)",
					"@executable_path/Frameworks",
				);
				MARKETING_VERSION = 1.0;
				"OTHER_LDFLAGS[arch=*]" = "-ObjC";
				PRODUCT_BUNDLE_IDENTIFIER = com.gmail.mrvalter566.iPodSkin;
				PRODUCT_NAME = "$(TARGET_NAME)";
				SWIFT_EMIT_LOC_STRINGS = YES;
				"SWIFT_OBJC_BRIDGING_HEADER[arch=*]" = "iPodSkin-Bridging-Header.h";
				SWIFT_VERSION = 5.0;
				TARGETED_DEVICE_FAMILY = "1,2";
			};
			name = Release;
		};
/* End XCBuildConfiguration section */

/* Begin XCConfigurationList section */
		88A1E1212AF7721B00E93557 /* Build configuration list for PBXProject "iPodSkin" */ = {
			isa = XCConfigurationList;
			buildConfigurations = (
				88A1E1322AF7721C00E93557 /* Debug */,
				88A1E1332AF7721C00E93557 /* Release */,
			);
			defaultConfigurationIsVisible = 0;
			defaultConfigurationName = Release;
		};
		88A1E1342AF7721C00E93557 /* Build configuration list for PBXNativeTarget "iPodSkin" */ = {
			isa = XCConfigurationList;
			buildConfigurations = (
				88A1E1352AF7721C00E93557 /* Debug */,
				88A1E1362AF7721C00E93557 /* Release */,
			);
			defaultConfigurationIsVisible = 0;
			defaultConfigurationName = Release;
		};
/* End XCConfigurationList section */

/* Begin XCRemoteSwiftPackageReference section */
		88F615AE2B04F1BF00D4A751 /* XCRemoteSwiftPackageReference "Moya" */ = {
			isa = XCRemoteSwiftPackageReference;
			repositoryURL = "https://github.com/Moya/Moya";
			requirement = {
				kind = upToNextMajorVersion;
				minimumVersion = 15.0.3;
			};
		};
/* End XCRemoteSwiftPackageReference section */

/* Begin XCSwiftPackageProductDependency section */
		88F615AF2B04F1BF00D4A751 /* CombineMoya */ = {
			isa = XCSwiftPackageProductDependency;
			package = 88F615AE2B04F1BF00D4A751 /* XCRemoteSwiftPackageReference "Moya" */;
			productName = CombineMoya;
		};
		88F615B12B04F1BF00D4A751 /* Moya */ = {
			isa = XCSwiftPackageProductDependency;
			package = 88F615AE2B04F1BF00D4A751 /* XCRemoteSwiftPackageReference "Moya" */;
			productName = Moya;
		};
		88F615B32B04F1BF00D4A751 /* ReactiveMoya */ = {
			isa = XCSwiftPackageProductDependency;
			package = 88F615AE2B04F1BF00D4A751 /* XCRemoteSwiftPackageReference "Moya" */;
			productName = ReactiveMoya;
		};
		88F615B52B04F1BF00D4A751 /* RxMoya */ = {
			isa = XCSwiftPackageProductDependency;
			package = 88F615AE2B04F1BF00D4A751 /* XCRemoteSwiftPackageReference "Moya" */;
			productName = RxMoya;
		};
/* End XCSwiftPackageProductDependency section */
	};
	rootObject = 88A1E11E2AF7721B00E93557 /* Project object */;
}
